
Microsoft Visual Studio Solution File, Format Version 12.00
# Visual Studio Version 17
VisualStudioVersion = 17.6.33717.318
MinimumVisualStudioVersion = 10.0.40219.1
Project("{FAE04EC0-301F-11D3-BF4B-00C04F79EFBC}") = "GIBDD", "GIBDD\GIBDD.csproj", "{A7CD09EE-2777-478E-B332-8EA36A83E4CB}"
	ProjectSection(ProjectDependencies) = postProject
		{879BC585-9B97-4714-997B-A70E66A86D04} = {879BC585-9B97-4714-997B-A70E66A86D04}
	EndProjectSection
EndProject
Project("{FAE04EC0-301F-11D3-BF4B-00C04F79EFBC}") = "GIBDD.Infrastructure", "GIBDD.Infrastructure\GIBDD.Infrastructure.csproj", "{879BC585-9B97-4714-997B-A70E66A86D04}"
EndProject
Global
	GlobalSection(SolutionConfigurationPlatforms) = preSolution
		Debug|Any CPU = Debug|Any CPU
		Release|Any CPU = Release|Any CPU
	EndGlobalSection
	GlobalSection(ProjectConfigurationPlatforms) = postSolution
		{A7CD09EE-2777-478E-B332-8EA36A83E4CB}.Debug|Any CPU.ActiveCfg = Debug|Any CPU
		{A7CD09EE-2777-478E-B332-8EA36A83E4CB}.Debug|Any CPU.Build.0 = Debug|Any CPU
		{A7CD09EE-2777-478E-B332-8EA36A83E4CB}.Release|Any CPU.ActiveCfg = Release|Any CPU
		{A7CD09EE-2777-478E-B332-8EA36A83E4CB}.Release|Any CPU.Build.0 = Release|Any CPU
		{879BC585-9B97-4714-997B-A70E66A86D04}.Debug|Any CPU.ActiveCfg = Debug|Any CPU
		{879BC585-9B97-4714-997B-A70E66A86D04}.Debug|Any CPU.Build.0 = Debug|Any CPU
		{879BC585-9B97-4714-997B-A70E66A86D04}.Release|Any CPU.ActiveCfg = Release|Any CPU
		{879BC585-9B97-4714-997B-A70E66A86D04}.Release|Any CPU.Build.0 = Release|Any CPU
	EndGlobalSection
	GlobalSection(SolutionProperties) = preSolution
		HideSolutionNode = FALSE
	EndGlobalSection
	GlobalSection(ExtensibilityGlobals) = postSolution
		SolutionGuid = {923F3084-9696-49B2-9B2B-FB79FD032866}
	EndGlobalSection
EndGlobal
